[[package]]
category = "main"
description = "Crontabs for asyncio"
name = "aiocron"
optional = false
python-versions = "*"
version = "1.2"

[package.dependencies]
croniter = "*"
tzlocal = "*"

[[package]]
category = "main"
description = "Simple DNS resolver for asyncio"
name = "aiodns"
optional = false
python-versions = "*"
version = "1.1.1"

[package.dependencies]
pycares = ">=1.0.0"

[[package]]
category = "main"
description = "Async http client/server framework (asyncio)"
name = "aiohttp"
optional = false
python-versions = ">=3.5.3"
version = "3.4.4"

[package.dependencies]
async-timeout = ">=3.0,<4.0"
attrs = ">=17.3.0"
chardet = ">=2.0,<4.0"
multidict = ">=4.0,<5.0"
yarl = ">=1.0,<2.0"

[[package]]
category = "main"
description = "DNS over HTTPS reslover for aiohttp"
name = "aiohttp-doh"
optional = false
python-versions = ">=3.5.3"
version = "0.1.1"

[package.dependencies]
aiohttp = ">=3.4,<4.0"

[[package]]
category = "dev"
description = "Mock out requests made by ClientSession from aiohttp package"
name = "aioresponses"
optional = false
python-versions = "*"
version = "0.4.2"

[package.dependencies]
aiohttp = ">=2.0.0,<4.0.0"

[[package]]
category = "main"
description = "A database migration tool for SQLAlchemy."
name = "alembic"
optional = false
python-versions = ">=2.7, !=3.0.*, !=3.1.*, !=3.2.*, !=3.3.*"
version = "1.0.1"

[package.dependencies]
Mako = "*"
SQLAlchemy = ">=0.9.0"
python-dateutil = "*"
python-editor = ">=0.3"

[[package]]
category = "main"
description = "A small Python module for determining appropriate platform-specific dirs, e.g. a \"user data dir\"."
name = "appdirs"
optional = false
python-versions = "*"
version = "1.4.3"

[[package]]
category = "main"
description = "Timeout context manager for asyncio programs"
name = "async-timeout"
optional = false
python-versions = ">=3.5.3"
version = "3.0.1"

[[package]]
category = "main"
description = "Decorator that turns async generator functions into async context managers."
name = "asyncio-contextmanager"
optional = false
python-versions = "*"
version = "1.0.1"

[[package]]
category = "dev"
description = "Atomic file writes."
name = "atomicwrites"
optional = false
python-versions = ">=2.7, !=3.0.*, !=3.1.*, !=3.2.*, !=3.3.*"
version = "1.2.1"

[[package]]
category = "main"
description = "A dict with attribute-style access"
name = "attrdict"
optional = false
python-versions = "*"
version = "2.0.0"

[package.dependencies]
six = "*"

[[package]]
category = "main"
description = "Classes Without Boilerplate"
name = "attrs"
optional = false
python-versions = "*"
version = "18.2.0"

[[package]]
category = "main"
description = "Internationalization utilities"
name = "babel"
optional = false
python-versions = ">=2.7, !=3.0.*, !=3.1.*, !=3.2.*, !=3.3.*"
version = "2.6.0"

[package.dependencies]
pytz = ">=0a"

[[package]]
category = "main"
description = "Efficient, Pythonic bidirectional map implementation and related functionality"
name = "bidict"
optional = false
python-versions = "*"
version = "0.17.3"

[[package]]
category = "main"
description = "cChardet is high speed universal character encoding detector."
name = "cchardet"
optional = false
python-versions = "*"
version = "2.1.4"

[[package]]
category = "main"
description = "Python package for providing Mozilla's CA Bundle."
name = "certifi"
optional = true
python-versions = "*"
version = "2018.10.15"

[[package]]
category = "main"
description = "Universal encoding detector for Python 2 and 3"
name = "chardet"
optional = false
python-versions = "*"
version = "3.0.4"

[[package]]
category = "main"
description = "Composable command line interface toolkit"
name = "click"
optional = false
python-versions = ">=2.7, !=3.0.*, !=3.1.*, !=3.2.*, !=3.3.*"
version = "7.0"

[[package]]
category = "main"
description = "Hosted coverage reports for Github, Bitbucket and Gitlab"
name = "codecov"
optional = true
python-versions = "*"
version = "2.0.15"

[package.dependencies]
coverage = "*"
requests = ">=2.7.9"

[[package]]
category = "dev"
description = "Cross-platform colored terminal text."
marker = "sys_platform == \"win32\""
name = "colorama"
optional = false
python-versions = ">=2.7, !=3.0.*, !=3.1.*, !=3.2.*, !=3.3.*"
version = "0.4.0"

[[package]]
category = "main"
description = "Code coverage measurement for Python"
name = "coverage"
optional = false
python-versions = ">=2.6, !=3.0.*, !=3.1.*, !=3.2.*, <4"
version = "4.5.1"

[[package]]
category = "main"
description = "croniter provides iteration for datetime object with cron like format"
name = "croniter"
optional = false
python-versions = ">=2.6, !=3.0.*, !=3.1.*, !=3.2.*, !=3.3.*"
version = "0.3.25"

[package.dependencies]
python-dateutil = "*"

[[package]]
category = "main"
description = "cssselect parses CSS3 Selectors and translates them to XPath 1.0"
name = "cssselect"
optional = false
python-versions = ">=2.7, !=3.0.*, !=3.1.*, !=3.2.*, !=3.3.*"
version = "1.0.3"

[[package]]
category = "main"
description = "Up to date simple useragent faker with real world database"
name = "fake-useragent"
optional = false
python-versions = "*"
version = "0.1.11"

[[package]]
category = "dev"
description = "the modular source code checker: pep8, pyflakes and co"
name = "flake8"
optional = false
python-versions = ">=2.7, !=3.0.*, !=3.1.*, !=3.2.*, !=3.3.*"
version = "3.6.0"

[package.dependencies]
mccabe = ">=0.6.0,<0.7.0"
pycodestyle = ">=2.4.0,<2.5.0"
pyflakes = ">=2.0.0,<2.1.0"
setuptools = ">=30"

[[package]]
category = "dev"
description = "Flake8 and pylama plugin that checks the ordering of import statements."
name = "flake8-import-order"
optional = false
python-versions = "*"
version = "0.18"

[package.dependencies]
pycodestyle = "*"
setuptools = "*"

[[package]]
category = "main"
description = "Fuzzy string matching in python"
name = "fuzzywuzzy"
optional = false
python-versions = "*"
version = "0.17.0"

[package.dependencies]
python-levenshtein = ">=0.12"

[[package]]
category = "main"
description = "Internationalized Domain Names in Applications (IDNA)"
name = "idna"
optional = false
python-versions = "*"
version = "2.7"

[[package]]
category = "main"
description = "The shared common library for Earth Reader apps"
name = "libearth"
optional = false
python-versions = "*"
version = "0.3.3"

[[package]]
category = "main"
description = "Powerful and Pythonic XML processing library combining libxml2/libxslt with the ElementTree API."
name = "lxml"
optional = false
python-versions = "*"
version = "4.2.5"

[[package]]
category = "main"
description = "A super-fast templating language that borrows the  best ideas from the existing templating languages."
name = "mako"
optional = false
python-versions = "*"
version = "1.0.7"

[package.dependencies]
MarkupSafe = ">=0.9.2"

[[package]]
category = "main"
description = "Implements a XML/HTML/XHTML Markup safe string for Python"
name = "markupsafe"
optional = false
python-versions = "*"
version = "1.0"

[[package]]
category = "dev"
description = "McCabe checker, plugin for flake8"
name = "mccabe"
optional = false
python-versions = "*"
version = "0.6.1"

[[package]]
category = "dev"
description = "More routines for operating on iterables, beyond itertools"
name = "more-itertools"
optional = false
python-versions = "*"
version = "4.3.0"

[package.dependencies]
six = ">=1.0.0,<2.0.0"

[[package]]
category = "main"
description = "Python library for arbitrary-precision floating-point arithmetic"
name = "mpmath"
optional = false
python-versions = "*"
version = "1.0.0"

[[package]]
category = "main"
description = "multidict implementation"
name = "multidict"
optional = false
python-versions = ">=3.4.1"
version = "4.4.2"

[[package]]
category = "dev"
description = "Optional static typing for Python"
name = "mypy"
optional = false
python-versions = "*"
version = "0.641"

[package.dependencies]
mypy-extensions = ">=0.4.0,<0.5.0"
typed-ast = ">=1.1.0,<1.2.0"

[[package]]
category = "dev"
description = "Experimental type system extensions for programs checked with the mypy typechecker."
name = "mypy-extensions"
optional = false
python-versions = "*"
version = "0.4.1"

[[package]]
category = "dev"
description = "plugin and hook calling mechanisms for python"
name = "pluggy"
optional = false
python-versions = ">=2.7, !=3.0.*, !=3.1.*, !=3.2.*, !=3.3.*"
version = "0.8.0"

[[package]]
category = "main"
description = "psycopg2 - Python-PostgreSQL Database Adapter"
name = "psycopg2-binary"
optional = false
python-versions = "*"
version = "2.7.5"

[[package]]
category = "dev"
description = "library with cross-python path, ini-parsing, io, code, log facilities"
name = "py"
optional = false
python-versions = ">=2.7, !=3.0.*, !=3.1.*, !=3.2.*, !=3.3.*"
version = "1.7.0"

[[package]]
category = "main"
description = "Python interface for c-ares"
name = "pycares"
optional = false
python-versions = "*"
version = "2.3.0"

[[package]]
category = "dev"
description = "Python style guide checker"
name = "pycodestyle"
optional = false
python-versions = "*"
version = "2.4.0"

[[package]]
category = "main"
description = "A port of node.js's EventEmitter to python."
name = "pyee"
optional = false
python-versions = "*"
version = "5.0.0"

[[package]]
category = "dev"
description = "passive checker of Python programs"
name = "pyflakes"
optional = false
python-versions = ">=2.7, !=3.0.*, !=3.1.*, !=3.2.*, !=3.3.*"
version = "2.0.0"

[[package]]
category = "main"
description = "Headless chrome/chromium automation library (unofficial port of puppeteer)"
name = "pyppeteer"
optional = false
python-versions = ">=3.5"
version = "0.0.25"

[package.dependencies]
appdirs = "*"
pyee = "*"
tqdm = "*"
urllib3 = "*"
websockets = "*"

[[package]]
category = "dev"
description = "pytest: simple powerful testing with Python"
name = "pytest"
optional = false
python-versions = ">=2.7, !=3.0.*, !=3.1.*, !=3.2.*, !=3.3.*"
version = "3.9.2"

[package.dependencies]
atomicwrites = ">=1.0"
attrs = ">=17.4.0"
colorama = "*"
more-itertools = ">=4.0.0"
pluggy = ">=0.7"
py = ">=1.5.0"
setuptools = "*"
six = ">=1.10.0"

[[package]]
category = "dev"
description = "Pytest support for asyncio."
name = "pytest-asyncio"
optional = false
python-versions = ">= 3.5"
version = "0.9.0"

[package.dependencies]
pytest = ">=3.0.6"

[[package]]
category = "dev"
description = "Pytest plugin for measuring coverage."
name = "pytest-cov"
optional = false
python-versions = ">=2.7, !=3.0.*, !=3.1.*, !=3.2.*, !=3.3.*"
version = "2.6.0"

[package.dependencies]
coverage = ">=4.4"
pytest = ">=2.9"

[[package]]
category = "main"
description = "Extensions to the standard Python datetime module"
name = "python-dateutil"
optional = false
python-versions = ">=2.7, !=3.0.*, !=3.1.*, !=3.2.*"
version = "2.7.3"

[package.dependencies]
six = ">=1.5"

[[package]]
category = "main"
description = "Programmatically open an editor, capture the result."
name = "python-editor"
optional = false
python-versions = "*"
version = "1.0.3"

[[package]]
category = "main"
description = "Python extension for computing string edit distances and similarities."
marker = "extra == \"speedup\""
name = "python-levenshtein"
optional = false
python-versions = "*"
version = "0.12.0"

[package.dependencies]
setuptools = "*"

[[package]]
category = "main"
description = "World timezone definitions, modern and historical"
name = "pytz"
optional = false
python-versions = "*"
version = "2018.6"

[[package]]
category = "main"
description = "Python HTTP for Humans."
name = "requests"
optional = true
python-versions = ">=2.7, !=3.0.*, !=3.1.*, !=3.2.*, !=3.3.*"
version = "2.20.0"

[package.dependencies]
certifi = ">=2017.4.17"
chardet = ">=3.0.2,<3.1.0"
idna = ">=2.5,<2.8"
urllib3 = ">=1.21.1,<1.25"

[[package]]
category = "main"
description = "Python 2 and 3 compatibility utilities"
name = "six"
optional = false
python-versions = "*"
version = "1.11.0"

[[package]]
category = "main"
description = "Database Abstraction Library"
name = "sqlalchemy"
optional = false
python-versions = "*"
version = "1.2.12"

[[package]]
category = "main"
description = "Various utility functions for SQLAlchemy."
name = "sqlalchemy-utils"
optional = false
python-versions = "*"
version = "0.33.6"

[package.dependencies]
SQLAlchemy = ">=1.0"
six = "*"

[[package]]
category = "main"
description = "Computer algebra system (CAS) in Python"
name = "sympy"
optional = false
python-versions = "*"
version = "1.3"

[package.dependencies]
mpmath = ">=0.19"

[[package]]
category = "main"
description = "Python Library for Tom's Obvious, Minimal Language"
name = "toml"
optional = false
python-versions = "*"
version = "0.10.0"

[[package]]
category = "main"
description = "Supports Korean particles"
name = "tossi"
optional = false
python-versions = "*"
version = "0.3.1"

[package.dependencies]
bidict = "*"
six = "*"

[[package]]
category = "main"
description = "Fast, Extensible Progress Meter"
name = "tqdm"
optional = false
python-versions = ">=2.6, !=3.0.*, !=3.1.*"
version = "4.28.1"

[[package]]
category = "dev"
description = "a fork of Python 2 and 3 ast modules with type comment support"
name = "typed-ast"
optional = false
python-versions = "*"
version = "1.1.0"

[[package]]
category = "main"
description = "tzinfo object for the local timezone"
name = "tzlocal"
optional = false
python-versions = "*"
version = "1.5.1"

[package.dependencies]
pytz = "*"

[[package]]
category = "main"
description = "Ultra fast JSON encoder and decoder for Python"
name = "ujson"
optional = false
python-versions = "*"
version = "1.35"

[[package]]
category = "main"
description = "HTTP library with thread-safe connection pooling, file post, and more."
name = "urllib3"
optional = false
python-versions = ">=2.7, !=3.0.*, !=3.1.*, !=3.2.*, !=3.3.*, <4"
version = "1.24"

[[package]]
category = "main"
description = "An implementation of the WebSocket Protocol (RFC 6455 & 7692)"
name = "websockets"
optional = false
python-versions = ">=3.4"
version = "6.0"

[[package]]
category = "main"
description = "Yet another URL library"
name = "yarl"
optional = false
python-versions = ">=3.5.3"
version = "1.2.6"

[package.dependencies]
idna = ">=2.0"
multidict = ">=4.0"

[extras]
travis-ci = ["codecov"]

[metadata]
content-hash = "8a222a44b3aa2842733fcc937b609e1c254a8b6769eba3ef525ee80b6addedcc"
python-versions = "^3.7"

[metadata.hashes]
aiocron = ["509e8a342b76f3cc7c1b67c0d8ce887f2e4091edf707e84c87d95afaf5ac68fe", "7b5fcb43705213c9ea538eb8928bf3ead5fe24a09e8165736d155b38a96a3ec1"]
aiodns = ["99d0652f2c02f73bfa646bf44af82705260a523014576647d7959e664830b26b", "d8677adc679ce8d0ef706c14d9c3d2f27a0e0cc11d59730cdbaf218ad52dd9ea"]
aiohttp = ["0419705a36b43c0ac6f15469f9c2a08cad5c939d78bd12a5c23ea167c8253b2b", "1812fc4bc6ac1bde007daa05d2d0f61199324e0cc893b11523e646595047ca08", "2214b5c0153f45256d5d52d1e0cafe53f9905ed035a142191727a5fb620c03dd", "275909137f0c92c61ba6bb1af856a522d5546f1de8ea01e4e726321c697754ac", "3983611922b561868428ea1e7269e757803713f55b53502423decc509fef1650", "51afec6ffa50a9da4cdef188971a802beb1ca8e8edb40fa429e5e529db3475fa", "589f2ec8a101a0f340453ee6945bdfea8e1cd84c8d88e5be08716c34c0799d95", "789820ddc65e1f5e71516adaca2e9022498fa5a837c79ba9c692a9f8f916c330", "7a968a0bdaaf9abacc260911775611c9a602214a23aeb846f2eb2eeaa350c4dc", "7aeefbed253f59ea39e70c5848de42ed85cb941165357fc7e87ab5d8f1f9592b", "7b2eb55c66512405103485bd7d285a839d53e7fdc261ab20e5bcc51d7aaff5de", "87bc95d3d333bb689c8d755b4a9d7095a2356108002149523dfc8e607d5d32a4", "9d80e40db208e29168d3723d1440ecbb06054d349c5ece6a2c5a611490830dd7", "a1b442195c2a77d33e4dbee67c9877ccbdd3a1f686f91eb479a9577ed8cc326b", "ab3d769413b322d6092f169f316f7b21cd261a7589f7e31db779d5731b0480d8", "b066d3dec5d0f5aee6e34e5765095dc3d6d78ef9839640141a2b20816a0642bd", "b24e7845ae8de3e388ef4bcfcf7f96b05f52c8e633b33cf8003a6b1d726fc7c2", "c59a953c3f8524a7c86eaeaef5bf702555be12f5668f6384149fe4bb75c52698", "cf2cc6c2c10d242790412bea7ccf73726a9a44b4c4b073d2699ef3b48971fd95", "e0c9c8d4150ae904f308ff27b35446990d2b1dfc944702a21925937e937394c6", "f1839db4c2b08a9c8f9788112644f8a8557e8e0ecc77b07091afabb941dc55d0", "f3df52362be39908f9c028a65490fae0475e4898b43a03d8aa29d1e765b45e07"]
aiohttp-doh = ["602b262229bea7a0657510fe0127c0b1e6eaacdb44047661f27462d241e256df", "71af7da16c993834c93944edc17ccb749df36e87c7baf5d29030ecf02c97f320"]
aioresponses = ["41d0452fd24256742dc45564a37001c74ec63fe4d4c7a55f365f7fc825c8c56e", "c3b3c4679579f021356431998a44f0eeaf889a21db1087e290f8d8f44bdef0d2"]
alembic = ["0fe570f23dc48fb1bbda6f6a396f1c0c28d7045c0ad14018c104a511e6c1fe8a"]
appdirs = ["9e5896d1372858f8dd3344faf4e5014d21849c756c8d5701f78f8a103b372d92", "d8b24664561d0d34ddfaec54636d502d7cea6e29c3eaf68f3df6180863e2166e"]
async-timeout = ["0c3c816a028d47f659d6ff5c745cb2acf1f966da1fe5c19c77a70282b25f4c5f", "4291ca197d287d274d0b6cb5d6f8f8f82d434ed288f962539ff18cc9012f9ea3"]
asyncio-contextmanager = ["93b4620cd79623c3988c9f43e6f502263968645cd13aed3327a7ec8be43221d5"]
atomicwrites = ["0312ad34fcad8fac3704d441f7b317e50af620823353ec657a53e981f92920c0", "ec9ae8adaae229e4f8446952d204a3e4b5fdd2d099f9be3aaf556120135fb3ee"]
attrdict = ["86aeb6d3809e0344409f8148d7cac9eabce5f0b577c160b5e90d10df3f8d2ad3"]
attrs = ["10cbf6e27dbce8c30807caf056c8eb50917e0eaafe86347671b57254006c3e69", "ca4be454458f9dec299268d472aaa5a11f67a4ff70093396e1ceae9c76cf4bbb"]
babel = ["6778d85147d5d85345c14a26aada5e478ab04e39b078b0745ee6870c2b5cf669", "8cba50f48c529ca3fa18cf81fa9403be176d374ac4d60738b839122dfaaa3d23"]
bidict = ["265699b30ec6bda7f145f27c5ae63ce9ecca355fa92c6b1df4ed42b3c9638c43", "ae2885808a7d84725832d625f1876f4b644f1fa334d96cd161031d281b227f3d"]
cchardet = ["079aa02a14072874d943a671ba778a9def5b0e3cedc2ac9f59308526cfb31472", "3e048a21688dcb4c797f40c8deb3600887bcaf435620256fd8becd4252012750", "41fced7a6f05ef859fe3eac89fc2120aca3cbbfd2b6c803bed3ee4bf02956903", "440903d5dca3d326f4b841e7fa760b6af1be4f950ead1a6ff77b76eaa46f0cd3", "50170f346527c5df4d3cb94648ca187c666e61c0db6e510b984e867c44709d8b", "6c55a6e7bc7337671c9f1ad90746c0efb2b2979ff4305c7ca1d7d381f05174c1", "7f581ea172b252034f745dfd49733966b73b73907bdef0b47ad5f2008b797d54", "80f7b087198827e60c81574c321b12f89188eae626ae1567d66808928be42f88", "8ba753ff73ca2f3554999a0e027eab9450f6ffdb7e92e1b4e13b52be89995349", "9ad8f61d6d1ca37bd4b954ad92d461ea4f58d0dc413b0790a5abed7c09e54996", "a35bd23cedbaa87cc9300af1dd10bb03fda41894045fbca7bfdf1d350b813f25", "a8feb9a7def2310e18c27e485a21a38669abe8c2e36b93c6ce1a1363495d4cdf", "aa9dd4cee8a5210a6d0a7b263b98dc50637e00401fc4a5ad3ce2dbef54fdfa02", "ab9858a0673262e467619df91f425cfef0590dcf5deef5c0c7945e9dc4dbd7d8", "b09a488bbb35be95f82845e3c4312be9025e8377975b027eee67e0b39445e070", "b2893d558761b3534cddf5a49ba8d77df3d8f964d7b14680b925f4a85fc13476", "b5a8f9b229a30cd2432572d15e169483bc47c24418772ff58d0585050631c2fd", "bded54eeccd5f810bc69e076b3d9a35819a92e5e0559ad274b9ae9061b1b881d", "cbc206061e69561af6e4cba11f99abd928346c6b5bcdc83eb32ae40e9fc23a5f", "cc9745e0400da4cfb49f075e7819f22473b66443f953427058fee2c7b9547cc0", "db30bf3825702c07fc55a290d41663fd8151f870642a15667bbabf81fff21e0b", "eeeb1b95bb5851dda93ee522860a0e6066d47921cb1d540cb778346e37e5a524", "f1c3919fb71ac5da3aeee42c5b731c99dcd2beed71db7fdc28ca993c173f0402"]
certifi = ["339dc09518b07e2fa7eda5450740925974815557727d6bd35d319c1524a04a4c", "6d58c986d22b038c8c0df30d639f23a3e6d172a05c3583e766f4c0b785c0986a"]
chardet = ["84ab92ed1c4d4f16916e05906b6b75a6c0fb5db821cc65e70cbd64a3e2a5eaae", "fc323ffcaeaed0e0a02bf4d117757b98aed530d9ed4531e3e15460124c106691"]
click = ["2335065e6395b9e67ca716de5f7526736bfa6ceead690adf616d925bdc622b13", "5b94b49521f6456670fdb30cd82a4eca9412788a93fa6dd6df72c94d5a8ff2d7"]
codecov = ["8ed8b7c6791010d359baed66f84f061bba5bd41174bf324c31311e8737602788", "ae00d68e18d8a20e9c3288ba3875ae03db3a8e892115bf9b83ef20507732bed4"]
colorama = ["a3d89af5db9e9806a779a50296b5fdb466e281147c2c235e8225ecc6dbf7bbf3", "c9b54bebe91a6a803e0772c8561d53f2926bfeb17cd141fbabcb08424086595c"]
coverage = ["03481e81d558d30d230bc12999e3edffe392d244349a90f4ef9b88425fac74ba", "0b136648de27201056c1869a6c0d4e23f464750fd9a9ba9750b8336a244429ed", "0bf8cbbd71adfff0ef1f3a1531e6402d13b7b01ac50a79c97ca15f030dba6306", "104ab3934abaf5be871a583541e8829d6c19ce7bde2923b2751e0d3ca44db60a", "10a46017fef60e16694a30627319f38a2b9b52e90182dddb6e37dcdab0f4bf95", "15b111b6a0f46ee1a485414a52a7ad1d703bdf984e9ed3c288a4414d3871dcbd", "198626739a79b09fa0a2f06e083ffd12eb55449b5f8bfdbeed1df4910b2ca640", "1c383d2ef13ade2acc636556fd544dba6e14fa30755f26812f54300e401f98f2", "23d341cdd4a0371820eb2b0bd6b88f5003a7438bbedb33688cd33b8eae59affd", "28b2191e7283f4f3568962e373b47ef7f0392993bb6660d079c62bd50fe9d162", "2a5b73210bad5279ddb558d9a2bfedc7f4bf6ad7f3c988641d83c40293deaec1", "2eb564bbf7816a9d68dd3369a510be3327f1c618d2357fa6b1216994c2e3d508", "337ded681dd2ef9ca04ef5d93cfc87e52e09db2594c296b4a0a3662cb1b41249", "3a2184c6d797a125dca8367878d3b9a178b6fdd05fdc2d35d758c3006a1cd694", "3c79a6f7b95751cdebcd9037e4d06f8d5a9b60e4ed0cd231342aa8ad7124882a", "3d72c20bd105022d29b14a7d628462ebdc61de2f303322c0212a054352f3b287", "3eb42bf89a6be7deb64116dd1cc4b08171734d721e7a7e57ad64cc4ef29ed2f1", "4635a184d0bbe537aa185a34193898eee409332a8ccb27eea36f262566585000", "56e448f051a201c5ebbaa86a5efd0ca90d327204d8b059ab25ad0f35fbfd79f1", "5a13ea7911ff5e1796b6d5e4fbbf6952381a611209b736d48e675c2756f3f74e", "69bf008a06b76619d3c3f3b1983f5145c75a305a0fea513aca094cae5c40a8f5", "6bc583dc18d5979dc0f6cec26a8603129de0304d5ae1f17e57a12834e7235062", "701cd6093d63e6b8ad7009d8a92425428bc4d6e7ab8d75efbb665c806c1d79ba", "7608a3dd5d73cb06c531b8925e0ef8d3de31fed2544a7de6c63960a1e73ea4bc", "76ecd006d1d8f739430ec50cc872889af1f9c1b6b8f48e29941814b09b0fd3cc", "7aa36d2b844a3e4a4b356708d79fd2c260281a7390d678a10b91ca595ddc9e99", "7d3f553904b0c5c016d1dad058a7554c7ac4c91a789fca496e7d8347ad040653", "7e1fe19bd6dce69d9fd159d8e4a80a8f52101380d5d3a4d374b6d3eae0e5de9c", "8c3cb8c35ec4d9506979b4cf90ee9918bc2e49f84189d9bf5c36c0c1119c6558", "9d6dd10d49e01571bf6e147d3b505141ffc093a06756c60b053a859cb2128b1f", "9e112fcbe0148a6fa4f0a02e8d58e94470fc6cb82a5481618fea901699bf34c4", "ac4fef68da01116a5c117eba4dd46f2e06847a497de5ed1d64bb99a5fda1ef91", "b8815995e050764c8610dbc82641807d196927c3dbed207f0a079833ffcf588d", "be6cfcd8053d13f5f5eeb284aa8a814220c3da1b0078fa859011c7fffd86dab9", "c1bb572fab8208c400adaf06a8133ac0712179a334c09224fb11393e920abcdd", "de4418dadaa1c01d497e539210cb6baa015965526ff5afc078c57ca69160108d", "e05cb4d9aad6233d67e0541caa7e511fa4047ed7750ec2510d466e806e0255d6", "e4d96c07229f58cb686120f168276e434660e4358cc9cf3b0464210b04913e77", "f05a636b4564104120111800021a92e43397bc12a5c72fed7036be8556e0029e", "f3f501f345f24383c0000395b26b726e46758b71393267aeae0bd36f8b3ade80", "f8a923a85cb099422ad5a2e345fe877bbc89a8a8b23235824a93488150e45f6e"]
croniter = ["64d5f8c719249694265190810ef2f051345007246c99a3879a35b393d593d668", "8ce5e4edd6f1956e70c8a31211cf86a7859aa1f0ff256107723582d79238e002"]
cssselect = ["066d8bc5229af09617e24b3ca4d52f1f9092d9e061931f4184cd572885c23204", "3b5103e8789da9e936a68d993b70df732d06b8bb9a337a05ed4eb52c17ef7206"]
fake-useragent = ["c104998b750eb097eefc28ae28e92d66397598d2cf41a31aa45d5559ef1adf35"]
flake8 = ["6a35f5b8761f45c5513e3405f110a86bea57982c3b75b766ce7b65217abe1670", "c01f8a3963b3571a8e6bd7a4063359aff90749e160778e03817cd9b71c9e07d2"]
flake8-import-order = ["9be5ca10d791d458eaa833dd6890ab2db37be80384707b0f76286ddd13c16cbf", "feca2fd0a17611b33b7fa84449939196c2c82764e262486d5c3e143ed77d387b"]
fuzzywuzzy = ["5ac7c0b3f4658d2743aa17da53a55598144edbc5bee3c6863840636e6926f254", "6f49de47db00e1c71d40ad16da42284ac357936fa9b66bea1df63fed07122d62"]
idna = ["156a6814fb5ac1fc6850fb002e0852d56c0c8d2531923a51032d1b70760e186e", "684a38a6f903c1d71d6d5fac066b58d7768af4de2b832e426ec79c30daa94a16"]
libearth = ["5d061ee45edd0fa3eb268c9ca8fb6515c4f6cb1b5cd301129bc9787cb60fe70a"]
lxml = ["02bc220d61f46e9b9d5a53c361ef95e9f5e1d27171cd461dddb17677ae2289a5", "22f253b542a342755f6cfc047fe4d3a296515cf9b542bc6e261af45a80b8caf6", "2f31145c7ff665b330919bfa44aacd3a0211a76ca7e7b441039d2a0b0451e415", "36720698c29e7a9626a0dc802ef8885f8f0239bfd1689628ecd459a061f2807f", "438a1b0203545521f6616132bfe0f4bca86f8a401364008b30e2b26ec408ce85", "4815892904c336bbaf73dafd54f45f69f4021c22b5bad7332176bbf4fb830568", "5be031b0f15ad63910d8e5038b489d95a79929513b3634ad4babf77100602588", "5c93ae37c3c588e829b037fdfbd64a6e40c901d3f93f7beed6d724c44829a3ad", "60842230678674cdac4a1cf0f707ef12d75b9a4fc4a565add4f710b5fcf185d5", "62939a8bb6758d1bf923aa1c13f0bcfa9bf5b2fc0f5fa917a6e25db5fe0cfa4e", "75830c06a62fe7b8fe3bbb5f269f0b308f19f3949ac81cfd40062f47c1455faf", "81992565b74332c7c1aff6a913a3e906771aa81c9d0c68c68113cffcae45bc53", "8c892fb0ee52c594d9a7751c7d7356056a9682674b92cc1c4dc968ff0f30c52f", "9d862e3cf4fc1f2837dedce9c42269c8c76d027e49820a548ac89fdcee1e361f", "a623965c086a6e91bb703d4da62dabe59fe88888e82c4117d544e11fd74835d6", "a7783ab7f6a508b0510490cef9f857b763d796ba7476d9703f89722928d1e113", "aab09fbe8abfa3b9ce62aaf45aca2d28726b1b9ee44871dbe644050a2fff4940", "abf181934ac3ef193832fb973fd7f6149b5c531903c2ec0f1220941d73eee601", "ae07fa0c115733fce1e9da96a3ac3fa24801742ca17e917e0c79d63a01eeb843", "b9c78242219f674ab645ec571c9a95d70f381319a23911941cd2358a8e0521cf", "bccb267678b870d9782c3b44d0cefe3ba0e329f9af8c946d32bf3778e7a4f271", "c4df4d27f4c93b2cef74579f00b1d3a31a929c7d8023f870c4b476f03a274db4", "caf0e50b546bb60dfa99bb18dfa6748458a83131ecdceaf5c071d74907e7e78a", "d3266bd3ac59ac4edcd5fa75165dee80b94a3e5c91049df5f7c057ccf097551c", "db0d213987bcd4e6d41710fb4532b22315b0d8fb439ff901782234456556aed1", "dbbd5cf7690a40a9f0a9325ab480d0fccf46d16b378eefc08e195d84299bfae1", "e16e07a0ec3a75b5ee61f2b1003c35696738f937dc8148fbda9fe2147ccb6e61", "e175a006725c7faadbe69e791877d09936c0ef2cf49d01b60a6c1efcb0e8be6f", "edd9c13a97f6550f9da2236126bb51c092b3b1ce6187f2bd966533ad794bbb5e", "fa39ea60d527fbdd94215b5e5552f1c6a912624521093f1384a491a8ad89ad8b"]
mako = ["4e02fde57bd4abb5ec400181e4c314f56ac3e49ba4fb8b0d50bba18cb27d25ae"]
markupsafe = ["a6be69091dac236ea9c6bc7d012beab42010fa914c459791d627dad4910eb665"]
mccabe = ["ab8a6258860da4b6677da4bd2fe5dc2c659cff31b3ee4f7f5d64e79735b80d42", "dd8d182285a0fe56bace7f45b5e7d1a6ebcbf524e8f3bd87eb0f125271b8831f"]
more-itertools = ["c187a73da93e7a8acc0001572aebc7e3c69daf7bf6881a2cea10650bd4420092", "c476b5d3a34e12d40130bc2f935028b5f636df8f372dc2c1c01dc19681b2039e", "fcbfeaea0be121980e15bc97b3817b5202ca73d0eae185b4550cbfce2a3ebb3d"]
mpmath = ["04d14803b6875fe6d69e6dccea87d5ae5599802e4b1df7997bddd2024001050c"]
multidict = ["05eeab69bf2b0664644c62bd92fabb045163e5b8d4376a31dfb52ce0210ced7b", "0c85880efa7cadb18e3b5eef0aa075dc9c0a3064cbbaef2e20be264b9cf47a64", "136f5a4a6a4adeacc4dc820b8b22f0a378fb74f326e259c54d1817639d1d40a0", "14906ad3347c7d03e9101749b16611cf2028547716d0840838d3c5e2b3b0f2d3", "1ade4a3b71b1bf9e90c5f3d034a87fe4949c087ef1f6cd727fdd766fe8bbd121", "22939a00a511a59f9ecc0158b8db728afef57975ce3782b3a265a319d05b9b12", "2b86b02d872bc5ba5b3a4530f6a7ba0b541458ab4f7c1429a12ac326231203f7", "3c11e92c3dfc321014e22fb442bc9eb70e01af30d6ce442026b0c35723448c66", "4ba3bd26f282b201fdbce351f1c5d17ceb224cbedb73d6e96e6ce391b354aacc", "4c6e78d042e93751f60672989efbd6a6bc54213ed7ff695fff82784bbb9ea035", "4d80d1901b89cc935a6cf5b9fd89df66565272722fe2e5473168927a9937e0ca", "4fcf71d33178a00cc34a57b29f5dab1734b9ce0f1c97fb34666deefac6f92037", "52f7670b41d4b4d97866ebc38121de8bcb9813128b7c4942b07794d08193c0ab", "5368e2b7649a26b7253c6c9e53241248aab9da49099442f5be238fde436f18c9", "5bb65fbb48999044938f0c0508e929b14a9b8bf4939d8263e9ea6691f7b54663", "60672bb5577472800fcca1ac9dae232d1461db9f20f055184be8ce54b0052572", "669e9be6d148fc0283f53e17dd140cde4dc7c87edac8319147edd5aa2a830771", "6a0b7a804e8d1716aa2c72e73210b48be83d25ba9ec5cf52cf91122285707bb1", "79034ea3da3cf2a815e3e52afdc1f6c1894468c98bdce5d2546fa2342585497f", "79247feeef6abcc11137ad17922e865052f23447152059402fc320f99ff544bb", "81671c2049e6bf42c7fd11a060f8bc58f58b7b3d6f3f951fc0b15e376a6a5a98", "82ac4a5cb56cc9280d4ae52c2d2ebcd6e0668dd0f9ef17f0a9d7c82bd61e24fa", "9436267dbbaa49dad18fbbb54f85386b0f5818d055e7b8e01d219661b6745279", "94e4140bb1343115a1afd6d84ebf8fca5fb7bfb50e1c2cbd6f2fb5d3117ef102", "a2cab366eae8a0ffe0813fd8e335cf0d6b9bb6c5227315f53bb457519b811537", "a596019c3eafb1b0ae07db9f55a08578b43c79adb1fe1ab1fd818430ae59ee6f", "e8848ae3cd6a784c29fae5055028bee9bffcc704d8bcad09bd46b42b44a833e2", "e8a048bfd7d5a280f27527d11449a509ddedf08b58a09a24314828631c099306", "f6dd28a0ac60e2426a6918f36f1b4e2620fc785a0de7654cd206ba842eee57fd"]
mypy = ["8e071ec32cc226e948a34bbb3d196eb0fd96f3ac69b6843a5aff9bd4efa14455", "fb90c804b84cfd8133d3ddfbd630252694d11ccc1eb0166a1b2efb5da37ecab2"]
mypy-extensions = ["37e0e956f41369209a3d5f34580150bcacfabaa57b33a15c0b25f4b5725e0812", "b16cabe759f55e3409a7d231ebd2841378fb0c27a5d1994719e340e4f429ac3e"]
pluggy = ["447ba94990e8014ee25ec853339faf7b0fc8050cdc3289d4d71f7f410fb90095", "bde19360a8ec4dfd8a20dcb811780a30998101f078fc7ded6162f0076f50508f"]
psycopg2-binary = ["04afb59bbbd2eab3148e6816beddc74348078b8c02a1113ea7f7822f5be4afe3", "098b18f4d8857a8f9b206d1dc54db56c2255d5d26458917e7bcad61ebfe4338f", "0bf855d4a7083e20ead961fda4923887094eaeace0ab2d76eb4aa300f4bbf5bd", "197dda3ffd02057820be83fe4d84529ea70bf39a9a4daee1d20ffc74eb3d042e", "278ef63afb4b3d842b4609f2c05ffbfb76795cf6a184deeb8707cd5ed3c981a5", "3cbf8c4fc8f22f0817220891cf405831559f4d4c12c4f73913730a2ea6c47a47", "4305aed922c4d9d6163ab3a41d80b5a1cfab54917467da8168552c42cad84d32", "47ee296f704fb8b2a616dec691cdcfd5fa0f11943955e88faa98cbd1dc3b3e3d", "4a0e38cb30457e70580903367161173d4a7d1381eb2f2cfe4e69b7806623f484", "4d6c294c6638a71cafb82a37f182f24321f1163b08b5d5ca076e11fe838a3086", "4f3233c366500730f839f92833194fd8f9a5c4529c8cd8040aa162c3740de8e5", "5221f5a3f4ca2ddf0d58e8b8a32ca50948be9a43351fda797eb4e72d7a7aa34d", "5c6ca0b507540a11eaf9e77dee4f07c131c2ec80ca0cffa146671bf690bc1c02", "789bd89d71d704db2b3d5e67d6d518b158985d791d3b2dec5ab85457cfc9677b", "7b94d29239efeaa6a967f3b5971bd0518d2a24edd1511edbf4a2c8b815220d07", "89bc65ef3301c74cf32db25334421ea6adbe8f65601ea45dcaaf095abed910bb", "89d6d3a549f405c20c9ae4dc94d7ed2de2fa77427a470674490a622070732e62", "97521704ac7127d7d8ba22877da3c7bf4a40366587d238ec679ff38e33177498", "a395b62d5f44ff6f633231abe568e2203b8fabf9797cd6386aa92497df912d9a", "a6d32c37f714c3f34158f3fa659f3a8f2658d5f53c4297d45579b9677cc4d852", "a89ee5c26f72f2d0d74b991ce49e42ddeb4ac0dc2d8c06a0f2770a1ab48f4fe0", "b4c8b0ef3608e59317bfc501df84a61e48b5445d45f24d0391a24802de5f2d84", "b5fcf07140219a1f71e18486b8dc28e2e1b76a441c19374805c617aa6d9a9d55", "b86f527f00956ecebad6ab3bb30e3a75fedf1160a8716978dd8ce7adddedd86f", "be4c4aa22ba22f70de36c98b06480e2f1697972d49eb20d525f400d204a6d272", "c2ac7aa1a144d4e0e613ac7286dae85671e99fe7a1353954d4905629c36b811c", "de26ef4787b5e778e8223913a3e50368b44e7480f83c76df1f51d23bd21cea16", "e70ebcfc5372dc7b699c0110454fc4263967f30c55454397e5769eb72c0eb0ce", "eadbd32b6bc48b67b0457fccc94c86f7ccc8178ab839f684eb285bb592dc143e", "ecbc6dfff6db06b8b72ae8a2f25ff20fbdcb83cb543811a08f7cb555042aa729"]
py = ["bf92637198836372b520efcba9e020c330123be8ce527e535d185ed4b6f45694", "e76826342cefe3c3d5f7e8ee4316b80d1dd8a300781612ddbc765c17ba25a6c6"]
pycares = ["0e81c971236bb0767354f1456e67ab6ae305f248565ce77cd413a311f9572bf5", "11c0ff3ccdb5a838cbd59a4e59df35d31355a80a61393bca786ca3b44569ba10", "170d62bd300999227e64da4fa85459728cc96e62e44780bbc86a915fdae01f78", "36f4c03df57c41a87eb3d642201684eb5a8bc194f4bafaa9f60ee6dc0aef8e40", "371ce688776da984c4105c8ca760cc60944b9b49ccf8335c71dc7669335e6173", "3a2234516f7db495083d8bba0ccdaabae587e62cfcd1b8154d5d0b09d3a48dfc", "3f288586592c697109b2b06e3988b7e17d9765887b5fc367010ee8500cbddc86", "40134cee03c8bbfbc644d4c0bc81796e12dd012a5257fb146c5a5417812ee5f7", "722f5d2c5f78d47b13b0112f6daff43ce4e08e8152319524d14f1f917cc5125e", "7b18fab0ed534a898552df91bc804bd62bb3a2646c11e054baca14d23663e1d6", "8a39d03bd99ea191f86b990ef67ecce878d6bf6518c5cde9173fb34fb36beb5e", "8ea263de8bf1a30b0d87150b4aa0e3203cf93bc1723ea3e7408a7d25e1299217", "943e2dc67ff45ab4c81d628c959837d01561d7e185080ab7a276b8ca67573fb5", "9d56a54c93e64b30c0d31f394d9890f175edec029cd846221728f99263cdee82", "b95b339c11d824f0bb789d31b91c8534916fcbdce248cccce216fa2630bb8a90", "bbfd9aba1e172cd2ab7b7142d49b28cf44d6451c4a66a870aff1dc3cb84849c7", "d8637bcc2f901aa61ec1d754abc862f9f145cb0346a0249360df4c159377018e", "e2446577eeea79d2179c9469d9d4ce3ab8a07d7985465c3cb91e7d74abc329b6", "e72fa163f37ae3b09f143cc6690a36f012d13e905d142e1beed4ec0e593ff657", "f32b7c63094749fbc0c1106c9a785666ec8afd49ecfe7002a30bb7c42e62b47c", "f50be4dd53f009cfb4b98c3c6b240e18ff9b17e3f1c320bd594bb83eddabfcb2"]
pycodestyle = ["74abc4e221d393ea5ce1f129ea6903209940c1ecd29e002e8c6933c2b21026e0", "cbc619d09254895b0d12c2c691e237b2e91e9b2ecf5e84c26b35400f93dcfb83", "cbfca99bd594a10f674d0cd97a3d802a1fdef635d4361e1a2658de47ed261e3a"]
pyee = ["47f8fa96d6dee61c82001831e1fbba55f3f808003a322d0e6653aa01c59f6b9e", "4ec22817297b7024f89721cc34f790ee2767c5b5ca44284c565ee643abafbe32"]
pyflakes = ["9a7662ec724d0120012f6e29d6248ae3727d821bba522a0e6b356eff19126a49", "f661252913bc1dbe7fcfcbf0af0db3f42ab65aabd1a6ca68fe5d466bace94dae"]
pyppeteer = ["51fe769b722a1718043b74d12c20420f29e0dd9eeea2b66652b7f93a9ad465dd"]
pytest = ["212be78a6fa5352c392738a49b18f74ae9aeec1040f47c81cadbfd8d1233c310", "6f6c1efc8d0ccc21f8f6c34d8330baca883cf109b66b3df954b0a117e5528fb4"]
pytest-asyncio = ["a962e8e1b6ec28648c8fe214edab4e16bacdb37b52df26eb9d63050af309b2a9", "fbd92c067c16111174a1286bfb253660f1e564e5146b39eeed1133315cf2c2cf"]
pytest-cov = ["513c425e931a0344944f84ea47f3956be0e416d95acbd897a44970c8d926d5d7", "e360f048b7dae3f2f2a9a4d067b2dd6b6a015d384d1577c994a43f3f7cbad762"]
python-dateutil = ["1adb80e7a782c12e52ef9a8182bebeb73f1d7e24e374397af06fb4956c8dc5c0", "e27001de32f627c22380a688bcc43ce83504a7bc5da472209b4c70f02829f0b8"]
python-editor = ["a3c066acee22a1c94f63938341d4fb374e3fdd69366ed6603d7b24bed1efc565"]
python-levenshtein = ["033a11de5e3d19ea25c9302d11224e1a1898fe5abd23c61c7c360c25195e3eb1"]
pytz = ["642253af8eae734d1509fc6ac9c1aee5e5b69d76392660889979b9870610a46b", "91e3ccf2c344ffaa6defba1ce7f38f97026943f675b7703f44789768e4cb0ece"]
requests = ["99dcfdaaeb17caf6e526f32b6a7b780461512ab3f1d992187801694cba42770c", "a84b8c9ab6239b578f22d1c21d51b696dcfe004032bb80ea832398d6909d7279"]
six = ["70e8a77beed4562e7f14fe23a786b54f6296e34344c23bc42f07b15018ff98e9", "832dc0e10feb1aa2c68dcc57dbb658f1c7e65b9b61af69048abc87a2db00a0eb"]
sqlalchemy = ["c5951d9ef1d5404ed04bae5a16b60a0779087378928f997a294d1229c6ca4d3e"]
sqlalchemy-utils = ["45ab41c90bfb8dd676e83179be3088b3f2d64b613e3b590187163dd941c22d4c"]
sympy = ["e1319b556207a3758a0efebae14e5e52c648fc1db8975953b05fff12b6871b54"]
toml = ["229f81c57791a41d65e399fc06bf0848bab550a9dfd5ed66df18ce5f05e73d5c", "235682dd292d5899d361a811df37e04a8828a5b1da3115886b73cf81ebc9100e", "f1db651f9657708513243e61e6cc67d101a39bad662eaa9b5546f789338e07a3"]
tossi = ["28e123c742a9a6f785901aa6c991ccc7f2c408af6a48d42e0ab3efde4b620552"]
tqdm = ["3c4d4a5a41ef162dd61f1edb86b0e1c7859054ab656b2e7c7b77e7fbf6d9f392", "5b4d5549984503050883bc126280b386f5f4ca87e6c023c5d015655ad75bdebb"]
typed-ast = ["0948004fa228ae071054f5208840a1e88747a357ec1101c17217bfe99b299d58", "10703d3cec8dcd9eef5a630a04056bbc898abc19bac5691612acba7d1325b66d", "1f6c4bd0bdc0f14246fd41262df7dfc018d65bb05f6e16390b7ea26ca454a291", "25d8feefe27eb0303b73545416b13d108c6067b846b543738a25ff304824ed9a", "29464a177d56e4e055b5f7b629935af7f49c196be47528cc94e0a7bf83fbc2b9", "2e214b72168ea0275efd6c884b114ab42e316de3ffa125b267e732ed2abda892", "3e0d5e48e3a23e9a4d1a9f698e32a542a4a288c871d33ed8df1b092a40f3a0f9", "519425deca5c2b2bdac49f77b2c5625781abbaf9a809d727d3a5596b30bb4ded", "57fe287f0cdd9ceaf69e7b71a2e94a24b5d268b35df251a88fef5cc241bf73aa", "668d0cec391d9aed1c6a388b0d5b97cd22e6073eaa5fbaa6d2946603b4871efe", "68ba70684990f59497680ff90d18e756a47bf4863c604098f10de9716b2c0bdd", "6de012d2b166fe7a4cdf505eee3aaa12192f7ba365beeefaca4ec10e31241a85", "79b91ebe5a28d349b6d0d323023350133e927b4de5b651a8aa2db69c761420c6", "8550177fa5d4c1f09b5e5f524411c44633c80ec69b24e0e98906dd761941ca46", "898f818399cafcdb93cbbe15fc83a33d05f18e29fb498ddc09b0214cdfc7cd51", "94b091dc0f19291adcb279a108f5d38de2430411068b219f41b343c03b28fb1f", "a26863198902cda15ab4503991e8cf1ca874219e0118cbf07c126bce7c4db129", "a8034021801bc0440f2e027c354b4eafd95891b573e12ff0418dec385c76785c", "bc978ac17468fe868ee589c795d06777f75496b1ed576d308002c8a5756fb9ea", "c05b41bc1deade9f90ddc5d988fe506208019ebba9f2578c622516fd201f5863", "c9b060bd1e5a26ab6e8267fd46fc9e02b54eb15fffb16d112d4c7b1c12987559", "edb04bdd45bfd76c8292c4d9654568efaedf76fe78eb246dde69bdb13b2dad87", "f19f2a4f547505fe9072e15f6f4ae714af51b5a681a97f187971f50c283193b6"]
tzlocal = ["4ebeb848845ac898da6519b9b31879cf13b6626f7184c496037b818e238f2c4e"]
ujson = ["f66073e5506e91d204ab0c614a148d5aa938bdbf104751be66f8ad7a222f5f86"]
urllib3 = ["41c3db2fc01e5b907288010dec72f9d0a74e37d6994e6eb56849f59fea2265ae", "8819bba37a02d143296a4d032373c4dd4aca11f6d4c9973335ca75f9c8475f59"]
websockets = ["0e2f7d6567838369af074f0ef4d0b802d19fa1fee135d864acc656ceefa33136", "2a16dac282b2fdae75178d0ed3d5b9bc3258dabfae50196cbb30578d84b6f6a6", "5a1fa6072405648cb5b3688e9ed3b94be683ce4a4e5723e6f5d34859dee495c1", "5c1f55a1274df9d6a37553fef8cff2958515438c58920897675c9bc70f5a0538", "669d1e46f165e0ad152ed8197f7edead22854a6c90419f544e0f234cc9dac6c4", "695e34c4dbea18d09ab2c258994a8bf6a09564e762655408241f6a14592d2908", "6b2e03d69afa8d20253455e67b64de1a82ff8612db105113cccec35d3f8429f0", "79ca7cdda7ad4e3663ea3c43bfa8637fc5d5604c7737f19a8964781abbd1148d", "7fd2dd9a856f72e6ed06f82facfce01d119b88457cd4b47b7ae501e8e11eba9c", "82c0354ac39379d836719a77ee360ef865377aa6fdead87909d50248d0f05f4d", "8f3b956d11c5b301206382726210dc1d3bee1a9ccf7aadf895aaf31f71c3716c", "91ec98640220ae05b34b79ee88abf27f97ef7c61cf525eec57ea8fcea9f7dddb", "952be9540d83dba815569d5cb5f31708801e0bbfc3a8c5aef1890b57ed7e58bf", "99ac266af38ba1b1fe13975aea01ac0e14bb5f3a3200d2c69f05385768b8568e", "9fa122e7adb24232247f8a89f2d9070bf64b7869daf93ac5e19546b409e47e96", "a0873eadc4b8ca93e2e848d490809e0123eea154aa44ecd0109c4d0171869584", "cb998bd4d93af46b8b49ecf5a72c0a98e5cc6d57fdca6527ba78ad89d6606484", "e02e57346f6a68523e3c43bbdf35dde5c440318d1f827208ae455f6a2ace446d", "e79a5a896bcee7fff24a788d72e5c69f13e61369d055f28113e71945a7eb1559", "ee55eb6bcf23ecc975e6b47c127c201b913598f38b6a300075f84eeef2d3baff", "f1414e6cbcea8d22843e7eafdfdfae3dd1aba41d1945f6ca66e4806c07c4f454"]
yarl = ["2556b779125621b311844a072e0ed367e8409a18fa12cbd68eb1258d187820f9", "4aec0769f1799a9d4496827292c02a7b1f75c0bab56ab2b60dd94ebb57cbd5ee", "55369d95afaacf2fa6b49c84d18b51f1704a6560c432a0f9a1aeb23f7b971308", "6c098b85442c8fe3303e708bbb775afd0f6b29f77612e8892627bcab4b939357", "9182cd6f93412d32e009020a44d6d170d2093646464a88aeec2aef50592f8c78", "c8cbc21bbfa1dd7d5386d48cc814fe3d35b80f60299cdde9279046f399c3b0d8", "db6f70a4b09cde813a4807843abaaa60f3b15fb4a2a06f9ae9c311472662daa1", "f17495e6fe3d377e3faac68121caef6f974fcb9e046bc075bcff40d8e5cc69a4", "f85900b9cca0c67767bb61b2b9bd53208aaa7373dae633dbe25d179b4bf38aa7"]
